
Microsoft Visual Studio Solution File, Format Version 12.00
# Visual Studio Version 17
VisualStudioVersion = 17.2.32526.322
MinimumVisualStudioVersion = 10.0.40219.1
Project("{FAE04EC0-301F-11D3-BF4B-00C04F79EFBC}") = "Snake Game", "Snake Game\Snake Game.csproj", "{00177109-7055-4811-B947-B8D80ED4431F}"
EndProject
Global
	GlobalSection(SolutionConfigurationPlatforms) = preSolution
		Debug|Any CPU = Debug|Any CPU
		Release|Any CPU = Release|Any CPU
	EndGlobalSection
	GlobalSection(ProjectConfigurationPlatforms) = postSolution
		{00177109-7055-4811-B947-B8D80ED4431F}.Debug|Any CPU.ActiveCfg = Debug|Any CPU
		{00177109-7055-4811-B947-B8D80ED4431F}.Debug|Any CPU.Build.0 = Debug|Any CPU
		{00177109-7055-4811-B947-B8D80ED4431F}.Release|Any CPU.ActiveCfg = Release|Any CPU
		{00177109-7055-4811-B947-B8D80ED4431F}.Release|Any CPU.Build.0 = Release|Any CPU
	EndGlobalSection
	GlobalSection(SolutionProperties) = preSolution
		HideSolutionNode = FALSE
	EndGlobalSection
	GlobalSection(ExtensibilityGlobals) = postSolution
		SolutionGuid = {C48EB4EF-A9BE-40AB-B62A-C680D2B030B1}
	EndGlobalSection
EndGlobal
